
Microsoft Visual Studio Solution File, Format Version 12.00
# Visual Studio Version 16
VisualStudioVersion = 16.0.29920.165
MinimumVisualStudioVersion = 10.0.40219.1
Project("{9A19103F-16F7-4668-BE54-9A1E7A4F7556}") = "Tharga.Toolkit.Console", "Tharga.Toolkit.Console\Tharga.Toolkit.Console.csproj", "{B8BD1635-042F-4EB3-8018-5CEB7302C31B}"
EndProject
Project("{2150E333-8FDC-42A3-9474-1A3956D46DE8}") = "Build", "Build", "{ACE8284E-D920-4FFA-96D1-0C340A02A935}"
	ProjectSection(SolutionItems) = preProject
		Build\PushNuget.ps1 = Build\PushNuget.ps1
	EndProjectSection
EndProject
Project("{2150E333-8FDC-42A3-9474-1A3956D46DE8}") = "Solution Items", "Solution Items", "{131058FA-7B3E-4359-8A5B-D9BD80D161F6}"
	ProjectSection(SolutionItems) = preProject
		azure-pipelines.yml = azure-pipelines.yml
		License.txt = License.txt
		README.md = README.md
	EndProjectSection
EndProject
Project("{9A19103F-16F7-4668-BE54-9A1E7A4F7556}") = "Tharga.Toolkit.Console.Tests", "Tharga.Toolkit.Console.Tests\Tharga.Toolkit.Console.Tests.csproj", "{35C71DC9-20D1-4AC2-A9EE-92FD27FF4AF5}"
EndProject
Project("{9A19103F-16F7-4668-BE54-9A1E7A4F7556}") = "SampleCoreConsole", "SampleCoreConsole\SampleCoreConsole.csproj", "{44F42FC1-6455-40AD-9B15-2AE96A1C63A2}"
EndProject
Project("{2150E333-8FDC-42A3-9474-1A3956D46DE8}") = "Samples", "Samples", "{BE6C5C8D-9EF4-4880-A0E7-E2FBFAADEA99}"
EndProject
Project("{2150E333-8FDC-42A3-9474-1A3956D46DE8}") = "Remote", "Remote", "{8A889D81-2672-4D6D-8BF4-2D4001028BDD}"
EndProject
Project("{FAE04EC0-301F-11D3-BF4B-00C04F79EFBC}") = "Tharga.RemoteClient", "Tharga.RemoteClient\Tharga.RemoteClient.csproj", "{5632ADD5-E6D1-47E8-9E30-C7803BD889FC}"
EndProject
Project("{FAE04EC0-301F-11D3-BF4B-00C04F79EFBC}") = "Tharga.RemoteApi", "Tharga.RemoteApi\Tharga.RemoteApi.csproj", "{2545D98E-76BF-4FC6-AD4E-8016C73D1699}"
EndProject
Project("{FAE04EC0-301F-11D3-BF4B-00C04F79EFBC}") = "Tharga.RemoteServer", "Tharga.RemoteServer\Tharga.RemoteServer.csproj", "{BC89BA6F-A78A-4C48-959F-7A2BC1AFE5A3}"
EndProject
Global
	GlobalSection(SolutionConfigurationPlatforms) = preSolution
		CI|Any CPU = CI|Any CPU
		Debug|Any CPU = Debug|Any CPU
		Release|Any CPU = Release|Any CPU
	EndGlobalSection
	GlobalSection(ProjectConfigurationPlatforms) = postSolution
		{B8BD1635-042F-4EB3-8018-5CEB7302C31B}.CI|Any CPU.ActiveCfg = Release|Any CPU
		{B8BD1635-042F-4EB3-8018-5CEB7302C31B}.CI|Any CPU.Build.0 = Release|Any CPU
		{B8BD1635-042F-4EB3-8018-5CEB7302C31B}.Debug|Any CPU.ActiveCfg = Debug|Any CPU
		{B8BD1635-042F-4EB3-8018-5CEB7302C31B}.Debug|Any CPU.Build.0 = Debug|Any CPU
		{B8BD1635-042F-4EB3-8018-5CEB7302C31B}.Release|Any CPU.ActiveCfg = Release|Any CPU
		{B8BD1635-042F-4EB3-8018-5CEB7302C31B}.Release|Any CPU.Build.0 = Release|Any CPU
		{35C71DC9-20D1-4AC2-A9EE-92FD27FF4AF5}.CI|Any CPU.ActiveCfg = Release|Any CPU
		{35C71DC9-20D1-4AC2-A9EE-92FD27FF4AF5}.CI|Any CPU.Build.0 = Release|Any CPU
		{35C71DC9-20D1-4AC2-A9EE-92FD27FF4AF5}.Debug|Any CPU.ActiveCfg = Debug|Any CPU
		{35C71DC9-20D1-4AC2-A9EE-92FD27FF4AF5}.Debug|Any CPU.Build.0 = Debug|Any CPU
		{35C71DC9-20D1-4AC2-A9EE-92FD27FF4AF5}.Release|Any CPU.ActiveCfg = Release|Any CPU
		{35C71DC9-20D1-4AC2-A9EE-92FD27FF4AF5}.Release|Any CPU.Build.0 = Release|Any CPU
		{44F42FC1-6455-40AD-9B15-2AE96A1C63A2}.CI|Any CPU.ActiveCfg = Debug|Any CPU
		{44F42FC1-6455-40AD-9B15-2AE96A1C63A2}.CI|Any CPU.Build.0 = Debug|Any CPU
		{44F42FC1-6455-40AD-9B15-2AE96A1C63A2}.Debug|Any CPU.ActiveCfg = Debug|Any CPU
		{44F42FC1-6455-40AD-9B15-2AE96A1C63A2}.Debug|Any CPU.Build.0 = Debug|Any CPU
		{44F42FC1-6455-40AD-9B15-2AE96A1C63A2}.Release|Any CPU.ActiveCfg = Release|Any CPU
		{44F42FC1-6455-40AD-9B15-2AE96A1C63A2}.Release|Any CPU.Build.0 = Release|Any CPU
		{5632ADD5-E6D1-47E8-9E30-C7803BD889FC}.CI|Any CPU.ActiveCfg = Debug|Any CPU
		{5632ADD5-E6D1-47E8-9E30-C7803BD889FC}.CI|Any CPU.Build.0 = Debug|Any CPU
		{5632ADD5-E6D1-47E8-9E30-C7803BD889FC}.Debug|Any CPU.ActiveCfg = Debug|Any CPU
		{5632ADD5-E6D1-47E8-9E30-C7803BD889FC}.Debug|Any CPU.Build.0 = Debug|Any CPU
		{5632ADD5-E6D1-47E8-9E30-C7803BD889FC}.Release|Any CPU.ActiveCfg = Release|Any CPU
		{5632ADD5-E6D1-47E8-9E30-C7803BD889FC}.Release|Any CPU.Build.0 = Release|Any CPU
		{2545D98E-76BF-4FC6-AD4E-8016C73D1699}.CI|Any CPU.ActiveCfg = Debug|Any CPU
		{2545D98E-76BF-4FC6-AD4E-8016C73D1699}.CI|Any CPU.Build.0 = Debug|Any CPU
		{2545D98E-76BF-4FC6-AD4E-8016C73D1699}.Debug|Any CPU.ActiveCfg = Debug|Any CPU
		{2545D98E-76BF-4FC6-AD4E-8016C73D1699}.Debug|Any CPU.Build.0 = Debug|Any CPU
		{2545D98E-76BF-4FC6-AD4E-8016C73D1699}.Release|Any CPU.ActiveCfg = Release|Any CPU
		{2545D98E-76BF-4FC6-AD4E-8016C73D1699}.Release|Any CPU.Build.0 = Release|Any CPU
		{BC89BA6F-A78A-4C48-959F-7A2BC1AFE5A3}.CI|Any CPU.ActiveCfg = Debug|Any CPU
		{BC89BA6F-A78A-4C48-959F-7A2BC1AFE5A3}.CI|Any CPU.Build.0 = Debug|Any CPU
		{BC89BA6F-A78A-4C48-959F-7A2BC1AFE5A3}.Debug|Any CPU.ActiveCfg = Debug|Any CPU
		{BC89BA6F-A78A-4C48-959F-7A2BC1AFE5A3}.Debug|Any CPU.Build.0 = Debug|Any CPU
		{BC89BA6F-A78A-4C48-959F-7A2BC1AFE5A3}.Release|Any CPU.ActiveCfg = Release|Any CPU
		{BC89BA6F-A78A-4C48-959F-7A2BC1AFE5A3}.Release|Any CPU.Build.0 = Release|Any CPU
	EndGlobalSection
	GlobalSection(SolutionProperties) = preSolution
		HideSolutionNode = FALSE
	EndGlobalSection
	GlobalSection(NestedProjects) = preSolution
		{44F42FC1-6455-40AD-9B15-2AE96A1C63A2} = {BE6C5C8D-9EF4-4880-A0E7-E2FBFAADEA99}
		{5632ADD5-E6D1-47E8-9E30-C7803BD889FC} = {8A889D81-2672-4D6D-8BF4-2D4001028BDD}
		{2545D98E-76BF-4FC6-AD4E-8016C73D1699} = {8A889D81-2672-4D6D-8BF4-2D4001028BDD}
		{BC89BA6F-A78A-4C48-959F-7A2BC1AFE5A3} = {8A889D81-2672-4D6D-8BF4-2D4001028BDD}
	EndGlobalSection
	GlobalSection(ExtensibilityGlobals) = postSolution
		SolutionGuid = {D7D7391C-196D-44E1-8966-28CBD0872CE5}
	EndGlobalSection
EndGlobal
